
Microsoft Visual Studio Solution File, Format Version 11.00
# Visual Studio 2010
Project("{FAE04EC0-301F-11D3-BF4B-00C04F79EFBC}") = "Staff", "Staff\Staff.csproj", "{3089F870-8A89-499B-BD59-933072683744}"
EndProject
Project("{FAE04EC0-301F-11D3-BF4B-00C04F79EFBC}") = "AppCommon", "..\AppCommon\AppCommon.csproj", "{EAADCF89-EE92-4B4B-A6A2-C6A8D8283F21}"
EndProject
Project("{FAE04EC0-301F-11D3-BF4B-00C04F79EFBC}") = "DBManagement", "..\DBManagement\DBManagement.csproj", "{C9C6AB15-6373-4EA3-8A87-2887FB4687C4}"
EndProject
Project("{FAE04EC0-301F-11D3-BF4B-00C04F79EFBC}") = "FakeStaff_Test", "FakeStaff_Test\FakeStaff_Test.csproj", "{FDC902DE-EEE2-4230-B2BE-3E5D92F2D01C}"
EndProject
Global
	GlobalSection(SolutionConfigurationPlatforms) = preSolution
		Debug|Any CPU = Debug|Any CPU
		Debug|Mixed Platforms = Debug|Mixed Platforms
		Debug|x86 = Debug|x86
		Release|Any CPU = Release|Any CPU
		Release|Mixed Platforms = Release|Mixed Platforms
		Release|x86 = Release|x86
	EndGlobalSection
	GlobalSection(ProjectConfigurationPlatforms) = postSolution
		{3089F870-8A89-499B-BD59-933072683744}.Debug|Any CPU.ActiveCfg = Debug|x86
		{3089F870-8A89-499B-BD59-933072683744}.Debug|Mixed Platforms.ActiveCfg = Debug|x86
		{3089F870-8A89-499B-BD59-933072683744}.Debug|Mixed Platforms.Build.0 = Debug|x86
		{3089F870-8A89-499B-BD59-933072683744}.Debug|x86.ActiveCfg = Debug|x86
		{3089F870-8A89-499B-BD59-933072683744}.Debug|x86.Build.0 = Debug|x86
		{3089F870-8A89-499B-BD59-933072683744}.Release|Any CPU.ActiveCfg = Release|x86
		{3089F870-8A89-499B-BD59-933072683744}.Release|Mixed Platforms.ActiveCfg = Release|x86
		{3089F870-8A89-499B-BD59-933072683744}.Release|Mixed Platforms.Build.0 = Release|x86
		{3089F870-8A89-499B-BD59-933072683744}.Release|x86.ActiveCfg = Release|x86
		{3089F870-8A89-499B-BD59-933072683744}.Release|x86.Build.0 = Release|x86
		{EAADCF89-EE92-4B4B-A6A2-C6A8D8283F21}.Debug|Any CPU.ActiveCfg = Debug|Any CPU
		{EAADCF89-EE92-4B4B-A6A2-C6A8D8283F21}.Debug|Any CPU.Build.0 = Debug|Any CPU
		{EAADCF89-EE92-4B4B-A6A2-C6A8D8283F21}.Debug|Mixed Platforms.ActiveCfg = Debug|Any CPU
		{EAADCF89-EE92-4B4B-A6A2-C6A8D8283F21}.Debug|Mixed Platforms.Build.0 = Debug|Any CPU
		{EAADCF89-EE92-4B4B-A6A2-C6A8D8283F21}.Debug|x86.ActiveCfg = Debug|Any CPU
		{EAADCF89-EE92-4B4B-A6A2-C6A8D8283F21}.Release|Any CPU.ActiveCfg = Release|Any CPU
		{EAADCF89-EE92-4B4B-A6A2-C6A8D8283F21}.Release|Any CPU.Build.0 = Release|Any CPU
		{EAADCF89-EE92-4B4B-A6A2-C6A8D8283F21}.Release|Mixed Platforms.ActiveCfg = Release|Any CPU
		{EAADCF89-EE92-4B4B-A6A2-C6A8D8283F21}.Release|Mixed Platforms.Build.0 = Release|Any CPU
		{EAADCF89-EE92-4B4B-A6A2-C6A8D8283F21}.Release|x86.ActiveCfg = Release|Any CPU
		{C9C6AB15-6373-4EA3-8A87-2887FB4687C4}.Debug|Any CPU.ActiveCfg = Debug|Any CPU
		{C9C6AB15-6373-4EA3-8A87-2887FB4687C4}.Debug|Any CPU.Build.0 = Debug|Any CPU
		{C9C6AB15-6373-4EA3-8A87-2887FB4687C4}.Debug|Mixed Platforms.ActiveCfg = Debug|Any CPU
		{C9C6AB15-6373-4EA3-8A87-2887FB4687C4}.Debug|Mixed Platforms.Build.0 = Debug|Any CPU
		{C9C6AB15-6373-4EA3-8A87-2887FB4687C4}.Debug|x86.ActiveCfg = Debug|Any CPU
		{C9C6AB15-6373-4EA3-8A87-2887FB4687C4}.Release|Any CPU.ActiveCfg = Release|Any CPU
		{C9C6AB15-6373-4EA3-8A87-2887FB4687C4}.Release|Any CPU.Build.0 = Release|Any CPU
		{C9C6AB15-6373-4EA3-8A87-2887FB4687C4}.Release|Mixed Platforms.ActiveCfg = Release|Any CPU
		{C9C6AB15-6373-4EA3-8A87-2887FB4687C4}.Release|Mixed Platforms.Build.0 = Release|Any CPU
		{C9C6AB15-6373-4EA3-8A87-2887FB4687C4}.Release|x86.ActiveCfg = Release|Any CPU
		{FDC902DE-EEE2-4230-B2BE-3E5D92F2D01C}.Debug|Any CPU.ActiveCfg = Debug|x86
		{FDC902DE-EEE2-4230-B2BE-3E5D92F2D01C}.Debug|Mixed Platforms.ActiveCfg = Debug|x86
		{FDC902DE-EEE2-4230-B2BE-3E5D92F2D01C}.Debug|Mixed Platforms.Build.0 = Debug|x86
		{FDC902DE-EEE2-4230-B2BE-3E5D92F2D01C}.Debug|x86.ActiveCfg = Debug|x86
		{FDC902DE-EEE2-4230-B2BE-3E5D92F2D01C}.Debug|x86.Build.0 = Debug|x86
		{FDC902DE-EEE2-4230-B2BE-3E5D92F2D01C}.Release|Any CPU.ActiveCfg = Release|x86
		{FDC902DE-EEE2-4230-B2BE-3E5D92F2D01C}.Release|Mixed Platforms.ActiveCfg = Release|x86
		{FDC902DE-EEE2-4230-B2BE-3E5D92F2D01C}.Release|Mixed Platforms.Build.0 = Release|x86
		{FDC902DE-EEE2-4230-B2BE-3E5D92F2D01C}.Release|x86.ActiveCfg = Release|x86
		{FDC902DE-EEE2-4230-B2BE-3E5D92F2D01C}.Release|x86.Build.0 = Release|x86
	EndGlobalSection
	GlobalSection(SolutionProperties) = preSolution
		HideSolutionNode = FALSE
	EndGlobalSection
EndGlobal
